# THIS IS AN AUTOGENERATED FILE. DO NOT EDIT THIS FILE DIRECTLY.
# yarn lockfile v1


slugify@^1.6.0:
  version "1.6.0"
  resolved "https://registry.yarnpkg.com/slugify/-/slugify-1.6.0.tgz#6bdf8ed01dabfdc46425b67e3320b698832ff893"
  integrity sha512-FkMq+MQc5hzYgM86nLuHI98Acwi3p4wX+a5BO9Hhw4JdK4L7WueIiZ4tXEobImPqBz2sVcV0+Mu3GRB30IGang==
